
Microsoft Visual Studio Solution File, Format Version 12.00
# Visual Studio 15
VisualStudioVersion = 15.0.26124.0
MinimumVisualStudioVersion = 15.0.26124.0
Project("{FAE04EC0-301F-11D3-BF4B-00C04F79EFBC}") = "Domain", "Domain\Domain.csproj", "{7F85585A-BAE4-44B8-A8D8-1DD7A243B8E5}"
EndProject
Project("{FAE04EC0-301F-11D3-BF4B-00C04F79EFBC}") = "Application", "Application\Application.csproj", "{531DB95C-4071-47F4-BAF3-F0C2892B232B}"
EndProject
Project("{FAE04EC0-301F-11D3-BF4B-00C04F79EFBC}") = "API", "API\API.csproj", "{74E6DB58-646C-4D1C-92EF-D1E76F89F96C}"
EndProject
Project("{FAE04EC0-301F-11D3-BF4B-00C04F79EFBC}") = "DataPersist", "DataPersist\DataPersist.csproj", "{31EE2B78-69B1-474B-A3CA-07F97FE90484}"
EndProject
Global
	GlobalSection(SolutionConfigurationPlatforms) = preSolution
		Debug|Any CPU = Debug|Any CPU
		Debug|x64 = Debug|x64
		Debug|x86 = Debug|x86
		Release|Any CPU = Release|Any CPU
		Release|x64 = Release|x64
		Release|x86 = Release|x86
	EndGlobalSection
	GlobalSection(SolutionProperties) = preSolution
		HideSolutionNode = FALSE
	EndGlobalSection
	GlobalSection(ProjectConfigurationPlatforms) = postSolution
		{7F85585A-BAE4-44B8-A8D8-1DD7A243B8E5}.Debug|Any CPU.ActiveCfg = Debug|Any CPU
		{7F85585A-BAE4-44B8-A8D8-1DD7A243B8E5}.Debug|Any CPU.Build.0 = Debug|Any CPU
		{7F85585A-BAE4-44B8-A8D8-1DD7A243B8E5}.Debug|x64.ActiveCfg = Debug|Any CPU
		{7F85585A-BAE4-44B8-A8D8-1DD7A243B8E5}.Debug|x64.Build.0 = Debug|Any CPU
		{7F85585A-BAE4-44B8-A8D8-1DD7A243B8E5}.Debug|x86.ActiveCfg = Debug|Any CPU
		{7F85585A-BAE4-44B8-A8D8-1DD7A243B8E5}.Debug|x86.Build.0 = Debug|Any CPU
		{7F85585A-BAE4-44B8-A8D8-1DD7A243B8E5}.Release|Any CPU.ActiveCfg = Release|Any CPU
		{7F85585A-BAE4-44B8-A8D8-1DD7A243B8E5}.Release|Any CPU.Build.0 = Release|Any CPU
		{7F85585A-BAE4-44B8-A8D8-1DD7A243B8E5}.Release|x64.ActiveCfg = Release|Any CPU
		{7F85585A-BAE4-44B8-A8D8-1DD7A243B8E5}.Release|x64.Build.0 = Release|Any CPU
		{7F85585A-BAE4-44B8-A8D8-1DD7A243B8E5}.Release|x86.ActiveCfg = Release|Any CPU
		{7F85585A-BAE4-44B8-A8D8-1DD7A243B8E5}.Release|x86.Build.0 = Release|Any CPU
		{531DB95C-4071-47F4-BAF3-F0C2892B232B}.Debug|Any CPU.ActiveCfg = Debug|Any CPU
		{531DB95C-4071-47F4-BAF3-F0C2892B232B}.Debug|Any CPU.Build.0 = Debug|Any CPU
		{531DB95C-4071-47F4-BAF3-F0C2892B232B}.Debug|x64.ActiveCfg = Debug|Any CPU
		{531DB95C-4071-47F4-BAF3-F0C2892B232B}.Debug|x64.Build.0 = Debug|Any CPU
		{531DB95C-4071-47F4-BAF3-F0C2892B232B}.Debug|x86.ActiveCfg = Debug|Any CPU
		{531DB95C-4071-47F4-BAF3-F0C2892B232B}.Debug|x86.Build.0 = Debug|Any CPU
		{531DB95C-4071-47F4-BAF3-F0C2892B232B}.Release|Any CPU.ActiveCfg = Release|Any CPU
		{531DB95C-4071-47F4-BAF3-F0C2892B232B}.Release|Any CPU.Build.0 = Release|Any CPU
		{531DB95C-4071-47F4-BAF3-F0C2892B232B}.Release|x64.ActiveCfg = Release|Any CPU
		{531DB95C-4071-47F4-BAF3-F0C2892B232B}.Release|x64.Build.0 = Release|Any CPU
		{531DB95C-4071-47F4-BAF3-F0C2892B232B}.Release|x86.ActiveCfg = Release|Any CPU
		{531DB95C-4071-47F4-BAF3-F0C2892B232B}.Release|x86.Build.0 = Release|Any CPU
		{74E6DB58-646C-4D1C-92EF-D1E76F89F96C}.Debug|Any CPU.ActiveCfg = Debug|Any CPU
		{74E6DB58-646C-4D1C-92EF-D1E76F89F96C}.Debug|Any CPU.Build.0 = Debug|Any CPU
		{74E6DB58-646C-4D1C-92EF-D1E76F89F96C}.Debug|x64.ActiveCfg = Debug|Any CPU
		{74E6DB58-646C-4D1C-92EF-D1E76F89F96C}.Debug|x64.Build.0 = Debug|Any CPU
		{74E6DB58-646C-4D1C-92EF-D1E76F89F96C}.Debug|x86.ActiveCfg = Debug|Any CPU
		{74E6DB58-646C-4D1C-92EF-D1E76F89F96C}.Debug|x86.Build.0 = Debug|Any CPU
		{74E6DB58-646C-4D1C-92EF-D1E76F89F96C}.Release|Any CPU.ActiveCfg = Release|Any CPU
		{74E6DB58-646C-4D1C-92EF-D1E76F89F96C}.Release|Any CPU.Build.0 = Release|Any CPU
		{74E6DB58-646C-4D1C-92EF-D1E76F89F96C}.Release|x64.ActiveCfg = Release|Any CPU
		{74E6DB58-646C-4D1C-92EF-D1E76F89F96C}.Release|x64.Build.0 = Release|Any CPU
		{74E6DB58-646C-4D1C-92EF-D1E76F89F96C}.Release|x86.ActiveCfg = Release|Any CPU
		{74E6DB58-646C-4D1C-92EF-D1E76F89F96C}.Release|x86.Build.0 = Release|Any CPU
		{31EE2B78-69B1-474B-A3CA-07F97FE90484}.Debug|Any CPU.ActiveCfg = Debug|Any CPU
		{31EE2B78-69B1-474B-A3CA-07F97FE90484}.Debug|Any CPU.Build.0 = Debug|Any CPU
		{31EE2B78-69B1-474B-A3CA-07F97FE90484}.Debug|x64.ActiveCfg = Debug|Any CPU
		{31EE2B78-69B1-474B-A3CA-07F97FE90484}.Debug|x64.Build.0 = Debug|Any CPU
		{31EE2B78-69B1-474B-A3CA-07F97FE90484}.Debug|x86.ActiveCfg = Debug|Any CPU
		{31EE2B78-69B1-474B-A3CA-07F97FE90484}.Debug|x86.Build.0 = Debug|Any CPU
		{31EE2B78-69B1-474B-A3CA-07F97FE90484}.Release|Any CPU.ActiveCfg = Release|Any CPU
		{31EE2B78-69B1-474B-A3CA-07F97FE90484}.Release|Any CPU.Build.0 = Release|Any CPU
		{31EE2B78-69B1-474B-A3CA-07F97FE90484}.Release|x64.ActiveCfg = Release|Any CPU
		{31EE2B78-69B1-474B-A3CA-07F97FE90484}.Release|x64.Build.0 = Release|Any CPU
		{31EE2B78-69B1-474B-A3CA-07F97FE90484}.Release|x86.ActiveCfg = Release|Any CPU
		{31EE2B78-69B1-474B-A3CA-07F97FE90484}.Release|x86.Build.0 = Release|Any CPU
	EndGlobalSection
EndGlobal
